// !$*UTF8*$!
{
	archiveVersion = 1;
	classes = {
	};
	objectVersion = 56;
	objects = {

/* Begin PBXBuildFile section */
		3A05C5752A59369C00860E0D /* Colors.swift in Sources */ = {isa = PBXBuildFile; fileRef = 3A05C5742A59369C00860E0D /* Colors.swift */; };
		3A72E1052A5BF91E009DD00E /* HabitDetailsViewController.swift in Sources */ = {isa = PBXBuildFile; fileRef = 3A72E1042A5BF91E009DD00E /* HabitDetailsViewController.swift */; };
		3A72E1072A5BFC22009DD00E /* HabitDetailsTableViewCell.swift in Sources */ = {isa = PBXBuildFile; fileRef = 3A72E1062A5BFC22009DD00E /* HabitDetailsTableViewCell.swift */; };
		3A85E14B2A61C9510071ECFC /* Fonts.swift in Sources */ = {isa = PBXBuildFile; fileRef = 3A85E14A2A61C9500071ECFC /* Fonts.swift */; };
		3AA552972A54972C00C3CA52 /* HabitViewController.swift in Sources */ = {isa = PBXBuildFile; fileRef = 3AA552962A54972C00C3CA52 /* HabitViewController.swift */; };
		3AA659D42A54115D00277D0F /* AppDelegate.swift in Sources */ = {isa = PBXBuildFile; fileRef = 3AA659D32A54115D00277D0F /* AppDelegate.swift */; };
		3AA659D62A54115D00277D0F /* SceneDelegate.swift in Sources */ = {isa = PBXBuildFile; fileRef = 3AA659D52A54115D00277D0F /* SceneDelegate.swift */; };
		3AA659DD2A54116100277D0F /* Assets.xcassets in Resources */ = {isa = PBXBuildFile; fileRef = 3AA659DC2A54116100277D0F /* Assets.xcassets */; };
		3AA659E02A54116100277D0F /* LaunchScreen.storyboard in Resources */ = {isa = PBXBuildFile; fileRef = 3AA659DE2A54116100277D0F /* LaunchScreen.storyboard */; };
		3AA659EC2A54177A00277D0F /* HabitsViewController.swift in Sources */ = {isa = PBXBuildFile; fileRef = 3AA659EB2A54177A00277D0F /* HabitsViewController.swift */; };
		3AA659EE2A5417C600277D0F /* InfoViewController.swift in Sources */ = {isa = PBXBuildFile; fileRef = 3AA659ED2A5417C600277D0F /* InfoViewController.swift */; };
		3AA659F22A541FF800277D0F /* TabBarController.swift in Sources */ = {isa = PBXBuildFile; fileRef = 3AA659F12A541FF800277D0F /* TabBarController.swift */; };
		3AA659F42A54204F00277D0F /* HabitsStore.swift in Sources */ = {isa = PBXBuildFile; fileRef = 3AA659F32A54204F00277D0F /* HabitsStore.swift */; };
		3ABC51402A5835AF0075DDF4 /* ProgressCollectionViewCell.swift in Sources */ = {isa = PBXBuildFile; fileRef = 3ABC513F2A5835AF0075DDF4 /* ProgressCollectionViewCell.swift */; };
		3AF8A7B52A59899C0044DF10 /* HabitCollectionViewCell.swift in Sources */ = {isa = PBXBuildFile; fileRef = 3AF8A7B42A59899C0044DF10 /* HabitCollectionViewCell.swift */; };
/* End PBXBuildFile section */

/* Begin PBXFileReference section */
		3A05C5742A59369C00860E0D /* Colors.swift */ = {isa = PBXFileReference; lastKnownFileType = sourcecode.swift; path = Colors.swift; sourceTree = "<group>"; };
		3A72E1042A5BF91E009DD00E /* HabitDetailsViewController.swift */ = {isa = PBXFileReference; lastKnownFileType = sourcecode.swift; path = HabitDetailsViewController.swift; sourceTree = "<group>"; };
		3A72E1062A5BFC22009DD00E /* HabitDetailsTableViewCell.swift */ = {isa = PBXFileReference; lastKnownFileType = sourcecode.swift; path = HabitDetailsTableViewCell.swift; sourceTree = "<group>"; };
		3A85E14A2A61C9500071ECFC /* Fonts.swift */ = {isa = PBXFileReference; lastKnownFileType = sourcecode.swift; path = Fonts.swift; sourceTree = "<group>"; };
		3AA552962A54972C00C3CA52 /* HabitViewController.swift */ = {isa = PBXFileReference; lastKnownFileType = sourcecode.swift; path = HabitViewController.swift; sourceTree = "<group>"; };
		3AA659D02A54115D00277D0F /* MyHabits.app */ = {isa = PBXFileReference; explicitFileType = wrapper.application; includeInIndex = 0; path = MyHabits.app; sourceTree = BUILT_PRODUCTS_DIR; };
		3AA659D32A54115D00277D0F /* AppDelegate.swift */ = {isa = PBXFileReference; lastKnownFileType = sourcecode.swift; path = AppDelegate.swift; sourceTree = "<group>"; };
		3AA659D52A54115D00277D0F /* SceneDelegate.swift */ = {isa = PBXFileReference; lastKnownFileType = sourcecode.swift; path = SceneDelegate.swift; sourceTree = "<group>"; };
		3AA659DC2A54116100277D0F /* Assets.xcassets */ = {isa = PBXFileReference; lastKnownFileType = folder.assetcatalog; path = Assets.xcassets; sourceTree = "<group>"; };
		3AA659DF2A54116100277D0F /* Base */ = {isa = PBXFileReference; lastKnownFileType = file.storyboard; name = Base; path = Base.lproj/LaunchScreen.storyboard; sourceTree = "<group>"; };
		3AA659E12A54116100277D0F /* Info.plist */ = {isa = PBXFileReference; lastKnownFileType = text.plist.xml; path = Info.plist; sourceTree = "<group>"; };
		3AA659EB2A54177A00277D0F /* HabitsViewController.swift */ = {isa = PBXFileReference; lastKnownFileType = sourcecode.swift; path = HabitsViewController.swift; sourceTree = "<group>"; };
		3AA659ED2A5417C600277D0F /* InfoViewController.swift */ = {isa = PBXFileReference; lastKnownFileType = sourcecode.swift; path = InfoViewController.swift; sourceTree = "<group>"; };
		3AA659F12A541FF800277D0F /* TabBarController.swift */ = {isa = PBXFileReference; lastKnownFileType = sourcecode.swift; path = TabBarController.swift; sourceTree = "<group>"; };
		3AA659F32A54204F00277D0F /* HabitsStore.swift */ = {isa = PBXFileReference; fileEncoding = 4; lastKnownFileType = sourcecode.swift; path = HabitsStore.swift; sourceTree = "<group>"; };
		3ABC513F2A5835AF0075DDF4 /* ProgressCollectionViewCell.swift */ = {isa = PBXFileReference; lastKnownFileType = sourcecode.swift; path = ProgressCollectionViewCell.swift; sourceTree = "<group>"; };
		3AF8A7B42A59899C0044DF10 /* HabitCollectionViewCell.swift */ = {isa = PBXFileReference; lastKnownFileType = sourcecode.swift; path = HabitCollectionViewCell.swift; sourceTree = "<group>"; };
/* End PBXFileReference section */

/* Begin PBXFrameworksBuildPhase section */
		3AA659CD2A54115D00277D0F /* Frameworks */ = {
			isa = PBXFrameworksBuildPhase;
			buildActionMask = 2147483647;
			files = (
			);
			runOnlyForDeploymentPostprocessing = 0;
		};
/* End PBXFrameworksBuildPhase section */

/* Begin PBXGroup section */
		3A05C5762A593B9600860E0D /* Themes */ = {
			isa = PBXGroup;
			children = (
				3AA659DC2A54116100277D0F /* Assets.xcassets */,
				3A05C5742A59369C00860E0D /* Colors.swift */,
				3A85E14A2A61C9500071ECFC /* Fonts.swift */,
			);
			path = Themes;
			sourceTree = "<group>";
		};
		3A9B73512A630DC1009D24B6 /* Info */ = {
			isa = PBXGroup;
			children = (
				3AA659ED2A5417C600277D0F /* InfoViewController.swift */,
			);
			name = Info;
			path = "New Group";
			sourceTree = "<group>";
		};
		3A9B73522A63CCFE009D24B6 /* Modules */ = {
			isa = PBXGroup;
			children = (
				3AA659F32A54204F00277D0F /* HabitsStore.swift */,
				3A9B73512A630DC1009D24B6 /* Info */,
				3AA552932A54947500C3CA52 /* Habits */,
				3A9B73552A63CDE1009D24B6 /* Cell */,
			);
			path = Modules;
			sourceTree = "<group>";
		};
		3A9B73532A63CD52009D24B6 /* AppDelegate */ = {
			isa = PBXGroup;
			children = (
				3AA659D32A54115D00277D0F /* AppDelegate.swift */,
				3AA659D52A54115D00277D0F /* SceneDelegate.swift */,
			);
			path = AppDelegate;
			sourceTree = "<group>";
		};
		3A9B73542A63CD6E009D24B6 /* TabBar */ = {
			isa = PBXGroup;
			children = (
				3AA659F12A541FF800277D0F /* TabBarController.swift */,
			);
			path = TabBar;
			sourceTree = "<group>";
		};
		3A9B73552A63CDE1009D24B6 /* Cell */ = {
			isa = PBXGroup;
			children = (
				3ABC513F2A5835AF0075DDF4 /* ProgressCollectionViewCell.swift */,
				3AF8A7B42A59899C0044DF10 /* HabitCollectionViewCell.swift */,
				3A72E1062A5BFC22009DD00E /* HabitDetailsTableViewCell.swift */,
			);
			path = Cell;
			sourceTree = "<group>";
		};
		3AA552932A54947500C3CA52 /* Habits */ = {
			isa = PBXGroup;
			children = (
				3AA659EB2A54177A00277D0F /* HabitsViewController.swift */,
				3A72E1042A5BF91E009DD00E /* HabitDetailsViewController.swift */,
				3AA552962A54972C00C3CA52 /* HabitViewController.swift */,
			);
			path = Habits;
			sourceTree = "<group>";
		};
		3AA659C72A54115D00277D0F = {
			isa = PBXGroup;
			children = (
				3AA659D22A54115D00277D0F /* MyHabits */,
				3AA659D12A54115D00277D0F /* Products */,
			);
			sourceTree = "<group>";
		};
		3AA659D12A54115D00277D0F /* Products */ = {
			isa = PBXGroup;
			children = (
				3AA659D02A54115D00277D0F /* MyHabits.app */,
			);
			name = Products;
			sourceTree = "<group>";
		};
		3AA659D22A54115D00277D0F /* MyHabits */ = {
			isa = PBXGroup;
			children = (
				3AA659E12A54116100277D0F /* Info.plist */,
				3AA659DE2A54116100277D0F /* LaunchScreen.storyboard */,
				3A9B73522A63CCFE009D24B6 /* Modules */,
				3A05C5762A593B9600860E0D /* Themes */,
				3A9B73542A63CD6E009D24B6 /* TabBar */,
				3A9B73532A63CD52009D24B6 /* AppDelegate */,
			);
			path = MyHabits;
			sourceTree = "<group>";
		};
/* End PBXGroup section */

/* Begin PBXNativeTarget section */
		3AA659CF2A54115D00277D0F /* MyHabits */ = {
			isa = PBXNativeTarget;
			buildConfigurationList = 3AA659E42A54116100277D0F /* Build configuration list for PBXNativeTarget "MyHabits" */;
			buildPhases = (
				3AA659CC2A54115D00277D0F /* Sources */,
				3AA659CD2A54115D00277D0F /* Frameworks */,
				3AA659CE2A54115D00277D0F /* Resources */,
			);
			buildRules = (
			);
			dependencies = (
			);
			name = MyHabits;
			productName = MyHabits;
			productReference = 3AA659D02A54115D00277D0F /* MyHabits.app */;
			productType = "com.apple.product-type.application";
		};
/* End PBXNativeTarget section */

/* Begin PBXProject section */
		3AA659C82A54115D00277D0F /* Project object */ = {
			isa = PBXProject;
			attributes = {
				BuildIndependentTargetsInParallel = 1;
				LastSwiftUpdateCheck = 1420;
				LastUpgradeCheck = 1420;
				TargetAttributes = {
					3AA659CF2A54115D00277D0F = {
						CreatedOnToolsVersion = 14.2;
					};
				};
			};
			buildConfigurationList = 3AA659CB2A54115D00277D0F /* Build configuration list for PBXProject "MyHabits" */;
			compatibilityVersion = "Xcode 14.0";
			developmentRegion = en;
			hasScannedForEncodings = 0;
			knownRegions = (
				en,
				Base,
			);
			mainGroup = 3AA659C72A54115D00277D0F;
			productRefGroup = 3AA659D12A54115D00277D0F /* Products */;
			projectDirPath = "";
			projectRoot = "";
			targets = (
				3AA659CF2A54115D00277D0F /* MyHabits */,
			);
		};
/* End PBXProject section */

/* Begin PBXResourcesBuildPhase section */
		3AA659CE2A54115D00277D0F /* Resources */ = {
			isa = PBXResourcesBuildPhase;
			buildActionMask = 2147483647;
			files = (
				3AA659E02A54116100277D0F /* LaunchScreen.storyboard in Resources */,
				3AA659DD2A54116100277D0F /* Assets.xcassets in Resources */,
			);
			runOnlyForDeploymentPostprocessing = 0;
		};
/* End PBXResourcesBuildPhase section */

/* Begin PBXSourcesBuildPhase section */
		3AA659CC2A54115D00277D0F /* Sources */ = {
			isa = PBXSourcesBuildPhase;
			buildActionMask = 2147483647;
			files = (
				3A85E14B2A61C9510071ECFC /* Fonts.swift in Sources */,
				3AA659F42A54204F00277D0F /* HabitsStore.swift in Sources */,
				3A05C5752A59369C00860E0D /* Colors.swift in Sources */,
				3AA659D42A54115D00277D0F /* AppDelegate.swift in Sources */,
				3A72E1052A5BF91E009DD00E /* HabitDetailsViewController.swift in Sources */,
				3AF8A7B52A59899C0044DF10 /* HabitCollectionViewCell.swift in Sources */,
				3AA659EC2A54177A00277D0F /* HabitsViewController.swift in Sources */,
				3AA659F22A541FF800277D0F /* TabBarController.swift in Sources */,
				3A72E1072A5BFC22009DD00E /* HabitDetailsTableViewCell.swift in Sources */,
				3ABC51402A5835AF0075DDF4 /* ProgressCollectionViewCell.swift in Sources */,
				3AA659EE2A5417C600277D0F /* InfoViewController.swift in Sources */,
				3AA552972A54972C00C3CA52 /* HabitViewController.swift in Sources */,
				3AA659D62A54115D00277D0F /* SceneDelegate.swift in Sources */,
			);
			runOnlyForDeploymentPostprocessing = 0;
		};
/* End PBXSourcesBuildPhase section */

/* Begin PBXVariantGroup section */
		3AA659DE2A54116100277D0F /* LaunchScreen.storyboard */ = {
			isa = PBXVariantGroup;
			children = (
				3AA659DF2A54116100277D0F /* Base */,
			);
			name = LaunchScreen.storyboard;
			sourceTree = "<group>";
		};
/* End PBXVariantGroup section */

/* Begin XCBuildConfiguration section */
		3AA659E22A54116100277D0F /* Debug */ = {
			isa = XCBuildConfiguration;
			buildSettings = {
				ALWAYS_SEARCH_USER_PATHS = NO;
				CLANG_ANALYZER_NONNULL = YES;
				CLANG_ANALYZER_NUMBER_OBJECT_CONVERSION = YES_AGGRESSIVE;
				CLANG_CXX_LANGUAGE_STANDARD = "gnu++20";
				CLANG_ENABLE_MODULES = YES;
				CLANG_ENABLE_OBJC_ARC = YES;
				CLANG_ENABLE_OBJC_WEAK = YES;
				CLANG_WARN_BLOCK_CAPTURE_AUTORELEASING = YES;
				CLANG_WARN_BOOL_CONVERSION = YES;
				CLANG_WARN_COMMA = YES;
				CLANG_WARN_CONSTANT_CONVERSION = YES;
				CLANG_WARN_DEPRECATED_OBJC_IMPLEMENTATIONS = YES;
				CLANG_WARN_DIRECT_OBJC_ISA_USAGE = YES_ERROR;
				CLANG_WARN_DOCUMENTATION_COMMENTS = YES;
				CLANG_WARN_EMPTY_BODY = YES;
				CLANG_WARN_ENUM_CONVERSION = YES;
				CLANG_WARN_INFINITE_RECURSION = YES;
				CLANG_WARN_INT_CONVERSION = YES;
				CLANG_WARN_NON_LITERAL_NULL_CONVERSION = YES;
				CLANG_WARN_OBJC_IMPLICIT_RETAIN_SELF = YES;
				CLANG_WARN_OBJC_LITERAL_CONVERSION = YES;
				CLANG_WARN_OBJC_ROOT_CLASS = YES_ERROR;
				CLANG_WARN_QUOTED_INCLUDE_IN_FRAMEWORK_HEADER = YES;
				CLANG_WARN_RANGE_LOOP_ANALYSIS = YES;
				CLANG_WARN_STRICT_PROTOTYPES = YES;
				CLANG_WARN_SUSPICIOUS_MOVE = YES;
				CLANG_WARN_UNGUARDED_AVAILABILITY = YES_AGGRESSIVE;
				CLANG_WARN_UNREACHABLE_CODE = YES;
				CLANG_WARN__DUPLICATE_METHOD_MATCH = YES;
				COPY_PHASE_STRIP = NO;
				DEBUG_INFORMATION_FORMAT = dwarf;
				ENABLE_STRICT_OBJC_MSGSEND = YES;
				ENABLE_TESTABILITY = YES;
				GCC_C_LANGUAGE_STANDARD = gnu11;
				GCC_DYNAMIC_NO_PIC = NO;
				GCC_NO_COMMON_BLOCKS = YES;
				GCC_OPTIMIZATION_LEVEL = 0;
				GCC_PREPROCESSOR_DEFINITIONS = (
					"DEBUG=1",
					"$(inherited)",
				);
				GCC_WARN_64_TO_32_BIT_CONVERSION = YES;
				GCC_WARN_ABOUT_RETURN_TYPE = YES_ERROR;
				GCC_WARN_UNDECLARED_SELECTOR = YES;
				GCC_WARN_UNINITIALIZED_AUTOS = YES_AGGRESSIVE;
				GCC_WARN_UNUSED_FUNCTION = YES;
				GCC_WARN_UNUSED_VARIABLE = YES;
				IPHONEOS_DEPLOYMENT_TARGET = 16.2;
				MTL_ENABLE_DEBUG_INFO = INCLUDE_SOURCE;
				MTL_FAST_MATH = YES;
				ONLY_ACTIVE_ARCH = YES;
				SDKROOT = iphoneos;
				SWIFT_ACTIVE_COMPILATION_CONDITIONS = DEBUG;
				SWIFT_OPTIMIZATION_LEVEL = "-Onone";
			};
			name = Debug;
		};
		3AA659E32A54116100277D0F /* Release */ = {
			isa = XCBuildConfiguration;
			buildSettings = {
				ALWAYS_SEARCH_USER_PATHS = NO;
				CLANG_ANALYZER_NONNULL = YES;
				CLANG_ANALYZER_NUMBER_OBJECT_CONVERSION = YES_AGGRESSIVE;
				CLANG_CXX_LANGUAGE_STANDARD = "gnu++20";
				CLANG_ENABLE_MODULES = YES;
				CLANG_ENABLE_OBJC_ARC = YES;
				CLANG_ENABLE_OBJC_WEAK = YES;
				CLANG_WARN_BLOCK_CAPTURE_AUTORELEASING = YES;
				CLANG_WARN_BOOL_CONVERSION = YES;
				CLANG_WARN_COMMA = YES;
				CLANG_WARN_CONSTANT_CONVERSION = YES;
				CLANG_WARN_DEPRECATED_OBJC_IMPLEMENTATIONS = YES;
				CLANG_WARN_DIRECT_OBJC_ISA_USAGE = YES_ERROR;
				CLANG_WARN_DOCUMENTATION_COMMENTS = YES;
				CLANG_WARN_EMPTY_BODY = YES;
				CLANG_WARN_ENUM_CONVERSION = YES;
				CLANG_WARN_INFINITE_RECURSION = YES;
				CLANG_WARN_INT_CONVERSION = YES;
				CLANG_WARN_NON_LITERAL_NULL_CONVERSION = YES;
				CLANG_WARN_OBJC_IMPLICIT_RETAIN_SELF = YES;
				CLANG_WARN_OBJC_LITERAL_CONVERSION = YES;
				CLANG_WARN_OBJC_ROOT_CLASS = YES_ERROR;
				CLANG_WARN_QUOTED_INCLUDE_IN_FRAMEWORK_HEADER = YES;
				CLANG_WARN_RANGE_LOOP_ANALYSIS = YES;
				CLANG_WARN_STRICT_PROTOTYPES = YES;
				CLANG_WARN_SUSPICIOUS_MOVE = YES;
				CLANG_WARN_UNGUARDED_AVAILABILITY = YES_AGGRESSIVE;
				CLANG_WARN_UNREACHABLE_CODE = YES;
				CLANG_WARN__DUPLICATE_METHOD_MATCH = YES;
				COPY_PHASE_STRIP = NO;
				DEBUG_INFORMATION_FORMAT = "dwarf-with-dsym";
				ENABLE_NS_ASSERTIONS = NO;
				ENABLE_STRICT_OBJC_MSGSEND = YES;
				GCC_C_LANGUAGE_STANDARD = gnu11;
				GCC_NO_COMMON_BLOCKS = YES;
				GCC_WARN_64_TO_32_BIT_CONVERSION = YES;
				GCC_WARN_ABOUT_RETURN_TYPE = YES_ERROR;
				GCC_WARN_UNDECLARED_SELECTOR = YES;
				GCC_WARN_UNINITIALIZED_AUTOS = YES_AGGRESSIVE;
				GCC_WARN_UNUSED_FUNCTION = YES;
				GCC_WARN_UNUSED_VARIABLE = YES;
				IPHONEOS_DEPLOYMENT_TARGET = 16.2;
				MTL_ENABLE_DEBUG_INFO = NO;
				MTL_FAST_MATH = YES;
				SDKROOT = iphoneos;
				SWIFT_COMPILATION_MODE = wholemodule;
				SWIFT_OPTIMIZATION_LEVEL = "-O";
				VALIDATE_PRODUCT = YES;
			};
			name = Release;
		};
		3AA659E52A54116100277D0F /* Debug */ = {
			isa = XCBuildConfiguration;
			buildSettings = {
				ASSETCATALOG_COMPILER_APPICON_NAME = AppIcon;
				ASSETCATALOG_COMPILER_GLOBAL_ACCENT_COLOR_NAME = AccentColor;
				CODE_SIGN_STYLE = Automatic;
				CURRENT_PROJECT_VERSION = 1;
				GENERATE_INFOPLIST_FILE = YES;
				INFOPLIST_FILE = MyHabits/Info.plist;
				INFOPLIST_KEY_UIApplicationSupportsIndirectInputEvents = YES;
				INFOPLIST_KEY_UILaunchStoryboardName = LaunchScreen.storyboard;
				INFOPLIST_KEY_UISupportedInterfaceOrientations = UIInterfaceOrientationPortrait;
				IPHONEOS_DEPLOYMENT_TARGET = 14;
				LD_RUNPATH_SEARCH_PATHS = (
					"$(inherited)",
					"@executable_path/Frameworks",
				);
				MARKETING_VERSION = 1.0;
				PRODUCT_BUNDLE_IDENTIFIER = com.exercise.first.MyHabits;
				PRODUCT_NAME = "$(TARGET_NAME)";
				SUPPORTED_PLATFORMS = "iphoneos iphonesimulator";
				SUPPORTS_MACCATALYST = NO;
				SUPPORTS_MAC_DESIGNED_FOR_IPHONE_IPAD = NO;
				SWIFT_EMIT_LOC_STRINGS = YES;
				SWIFT_VERSION = 5.0;
				TARGETED_DEVICE_FAMILY = "1,2";
			};
			name = Debug;
		};
		3AA659E62A54116100277D0F /* Release */ = {
			isa = XCBuildConfiguration;
			buildSettings = {
				ASSETCATALOG_COMPILER_APPICON_NAME = AppIcon;
				ASSETCATALOG_COMPILER_GLOBAL_ACCENT_COLOR_NAME = AccentColor;
				CODE_SIGN_STYLE = Automatic;
				CURRENT_PROJECT_VERSION = 1;
				GENERATE_INFOPLIST_FILE = YES;
				INFOPLIST_FILE = MyHabits/Info.plist;
				INFOPLIST_KEY_UIApplicationSupportsIndirectInputEvents = YES;
				INFOPLIST_KEY_UILaunchStoryboardName = LaunchScreen.storyboard;
				INFOPLIST_KEY_UISupportedInterfaceOrientations = UIInterfaceOrientationPortrait;
				IPHONEOS_DEPLOYMENT_TARGET = 14;
				LD_RUNPATH_SEARCH_PATHS = (
					"$(inherited)",
					"@executable_path/Frameworks",
				);
				MARKETING_VERSION = 1.0;
				PRODUCT_BUNDLE_IDENTIFIER = com.exercise.first.MyHabits;
				PRODUCT_NAME = "$(TARGET_NAME)";
				SUPPORTED_PLATFORMS = "iphoneos iphonesimulator";
				SUPPORTS_MACCATALYST = NO;
				SUPPORTS_MAC_DESIGNED_FOR_IPHONE_IPAD = NO;
				SWIFT_EMIT_LOC_STRINGS = YES;
				SWIFT_VERSION = 5.0;
				TARGETED_DEVICE_FAMILY = "1,2";
			};
			name = Release;
		};
/* End XCBuildConfiguration section */

/* Begin XCConfigurationList section */
		3AA659CB2A54115D00277D0F /* Build configuration list for PBXProject "MyHabits" */ = {
			isa = XCConfigurationList;
			buildConfigurations = (
				3AA659E22A54116100277D0F /* Debug */,
				3AA659E32A54116100277D0F /* Release */,
			);
			defaultConfigurationIsVisible = 0;
			defaultConfigurationName = Release;
		};
		3AA659E42A54116100277D0F /* Build configuration list for PBXNativeTarget "MyHabits" */ = {
			isa = XCConfigurationList;
			buildConfigurations = (
				3AA659E52A54116100277D0F /* Debug */,
				3AA659E62A54116100277D0F /* Release */,
			);
			defaultConfigurationIsVisible = 0;
			defaultConfigurationName = Release;
		};
/* End XCConfigurationList section */
	};
	rootObject = 3AA659C82A54115D00277D0F /* Project object */;
}
